
Microsoft Visual Studio Solution File, Format Version 12.00
# Visual Studio Version 17
VisualStudioVersion = 17.7.34221.43
MinimumVisualStudioVersion = 10.0.40219.1
Project("{FAE04EC0-301F-11D3-BF4B-00C04F79EFBC}") = "ChatGpt", "ChatGpt\ChatGpt.csproj", "{EB2FB0C2-42D7-49CB-952C-CA9072E068EC}"
EndProject
Global
	GlobalSection(SolutionConfigurationPlatforms) = preSolution
		Debug|Any CPU = Debug|Any CPU
		Release|Any CPU = Release|Any CPU
	EndGlobalSection
	GlobalSection(ProjectConfigurationPlatforms) = postSolution
		{EB2FB0C2-42D7-49CB-952C-CA9072E068EC}.Debug|Any CPU.ActiveCfg = Debug|Any CPU
		{EB2FB0C2-42D7-49CB-952C-CA9072E068EC}.Debug|Any CPU.Build.0 = Debug|Any CPU
		{EB2FB0C2-42D7-49CB-952C-CA9072E068EC}.Release|Any CPU.ActiveCfg = Release|Any CPU
		{EB2FB0C2-42D7-49CB-952C-CA9072E068EC}.Release|Any CPU.Build.0 = Release|Any CPU
	EndGlobalSection
	GlobalSection(SolutionProperties) = preSolution
		HideSolutionNode = FALSE
	EndGlobalSection
	GlobalSection(ExtensibilityGlobals) = postSolution
		SolutionGuid = {655D7C65-AA06-458F-A3C4-7F5214AE7C93}
	EndGlobalSection
EndGlobal
